{
  "version": 2,
  "dependencies": {
    "net10.0": {
      "rcloneui.contracts": {
        "type": "Project"
      },
      "rcloneui.dataroot": {
        "type": "Project",
        "dependencies": {
          "RcloneUI.Contracts": "[1.0.0, )"
        }
      },
      "rcloneui.diagnostics": {
        "type": "Project",
        "dependencies": {
          "RcloneUI.Contracts": "[1.0.0, )",
          "RcloneUI.DataRoot": "[1.0.0, )"
        }
      },
      "rcloneui.mounts": {
        "type": "Project",
        "dependencies": {
          "RcloneUI.Contracts": "[1.0.0, )",
          "RcloneUI.DataRoot": "[1.0.0, )",
          "RcloneUI.Rclone": "[1.0.0, )"
        }
      },
      "rcloneui.rclone": {
        "type": "Project",
        "dependencies": {
          "RcloneUI.Contracts": "[1.0.0, )"
        }
      },
      "rcloneui.remotes": {
        "type": "Project",
        "dependencies": {
          "RcloneUI.Contracts": "[1.0.0, )",
          "RcloneUI.DataRoot": "[1.0.0, )",
          "RcloneUI.Rclone": "[1.0.0, )"
        }
      },
      "rcloneui.transfers": {
        "type": "Project",
        "dependencies": {
          "RcloneUI.Contracts": "[1.0.0, )",
          "RcloneUI.DataRoot": "[1.0.0, )",
          "RcloneUI.Rclone": "[1.0.0, )"
        }
      },
      "rcloneui.updates": {
        "type": "Project",
        "dependencies": {
          "RcloneUI.Contracts": "[1.0.0, )",
          "RcloneUI.DataRoot": "[1.0.0, )",
          "RcloneUI.Rclone": "[1.0.0, )"
        }
      },
      "rcloneui.work": {
        "type": "Project",
        "dependencies": {
          "RcloneUI.Contracts": "[1.0.0, )",
          "RcloneUI.DataRoot": "[1.0.0, )",
          "RcloneUI.Mounts": "[1.0.0, )",
          "RcloneUI.Remotes": "[1.0.0, )",
          "RcloneUI.Transfers": "[1.0.0, )"
        }
      }
    },
    "net10.0/win-x64": {}
  }
}